
Microsoft Visual Studio Solution File, Format Version 12.00
# Visual Studio Version 17
VisualStudioVersion = 17.14.37012.4
MinimumVisualStudioVersion = 10.0.40219.1
Project("{FAE04EC0-301F-11D3-BF4B-00C04F79EFBC}") = "TheWindCorner.Web", "TheWindCorner.Web\TheWindCorner.Web.csproj", "{F6AA5C3A-2ADC-4E11-AC08-D3DC452308AB}"
EndProject
Project("{FAE04EC0-301F-11D3-BF4B-00C04F79EFBC}") = "TheWindCorner.Web.ViewModels", "TheWindCorner.Web.ViewModels\TheWindCorner.Web.ViewModels.csproj", "{921EF396-4DA5-4B44-B189-721FCF4A498F}"
EndProject
Project("{FAE04EC0-301F-11D3-BF4B-00C04F79EFBC}") = "TheWindCorner.Common", "TheWindCorner.Common\TheWindCorner.Common.csproj", "{75F2DF7E-917C-439D-B85E-29412835288A}"
EndProject
Project("{FAE04EC0-301F-11D3-BF4B-00C04F79EFBC}") = "TheWindCorner.Data.Models", "TheWindCorner.Data.Models\TheWindCorner.Data.Models.csproj", "{6B49A399-90D7-4E3D-B51E-4574957AF20A}"
EndProject
Project("{2150E333-8FDC-42A3-9474-1A3956D46DE8}") = "Data", "Data", "{02EA681E-C7D8-13C7-8484-4AC65E1B71E8}"
EndProject
Project("{2150E333-8FDC-42A3-9474-1A3956D46DE8}") = "Web", "Web", "{6B7498C7-65F3-4457-8A8B-01C0C45D0D4B}"
EndProject
Project("{FAE04EC0-301F-11D3-BF4B-00C04F79EFBC}") = "TheWindCorner.Data", "TheWindCorner.Data\TheWindCorner.Data.csproj", "{1B7ACD54-2802-4A2B-9C30-D0C164810FE5}"
EndProject
Project("{FAE04EC0-301F-11D3-BF4B-00C04F79EFBC}") = "TheWindCorner.Web.Infrastructure", "TheWindCorner.Web.Infrastructure\TheWindCorner.Web.Infrastructure.csproj", "{3E9B92F2-66D7-43E1-81ED-62F8D3B290BF}"
EndProject
Project("{2150E333-8FDC-42A3-9474-1A3956D46DE8}") = "Services", "Services", "{FAC59983-4BE2-473F-A326-121DA3E7B5F1}"
EndProject
Project("{FAE04EC0-301F-11D3-BF4B-00C04F79EFBC}") = "TheWindCorner.Services.Data", "TheWindCorner.Services.Data\TheWindCorner.Services.Data.csproj", "{0CA306E7-1129-4AC1-BE50-59F2758DA3DB}"
EndProject
Project("{FAE04EC0-301F-11D3-BF4B-00C04F79EFBC}") = "TheWindCorner.Services.Mapping", "TheWindCorner.Services.Mapping\TheWindCorner.Services.Mapping.csproj", "{56913FD4-5EE9-48A3-87A1-86865CB4E718}"
EndProject
Global
	GlobalSection(SolutionConfigurationPlatforms) = preSolution
		Debug|Any CPU = Debug|Any CPU
		Release|Any CPU = Release|Any CPU
	EndGlobalSection
	GlobalSection(ProjectConfigurationPlatforms) = postSolution
		{F6AA5C3A-2ADC-4E11-AC08-D3DC452308AB}.Debug|Any CPU.ActiveCfg = Debug|Any CPU
		{F6AA5C3A-2ADC-4E11-AC08-D3DC452308AB}.Debug|Any CPU.Build.0 = Debug|Any CPU
		{F6AA5C3A-2ADC-4E11-AC08-D3DC452308AB}.Release|Any CPU.ActiveCfg = Release|Any CPU
		{F6AA5C3A-2ADC-4E11-AC08-D3DC452308AB}.Release|Any CPU.Build.0 = Release|Any CPU
		{921EF396-4DA5-4B44-B189-721FCF4A498F}.Debug|Any CPU.ActiveCfg = Debug|Any CPU
		{921EF396-4DA5-4B44-B189-721FCF4A498F}.Debug|Any CPU.Build.0 = Debug|Any CPU
		{921EF396-4DA5-4B44-B189-721FCF4A498F}.Release|Any CPU.ActiveCfg = Release|Any CPU
		{921EF396-4DA5-4B44-B189-721FCF4A498F}.Release|Any CPU.Build.0 = Release|Any CPU
		{75F2DF7E-917C-439D-B85E-29412835288A}.Debug|Any CPU.ActiveCfg = Debug|Any CPU
		{75F2DF7E-917C-439D-B85E-29412835288A}.Debug|Any CPU.Build.0 = Debug|Any CPU
		{75F2DF7E-917C-439D-B85E-29412835288A}.Release|Any CPU.ActiveCfg = Release|Any CPU
		{75F2DF7E-917C-439D-B85E-29412835288A}.Release|Any CPU.Build.0 = Release|Any CPU
		{6B49A399-90D7-4E3D-B51E-4574957AF20A}.Debug|Any CPU.ActiveCfg = Debug|Any CPU
		{6B49A399-90D7-4E3D-B51E-4574957AF20A}.Debug|Any CPU.Build.0 = Debug|Any CPU
		{6B49A399-90D7-4E3D-B51E-4574957AF20A}.Release|Any CPU.ActiveCfg = Release|Any CPU
		{6B49A399-90D7-4E3D-B51E-4574957AF20A}.Release|Any CPU.Build.0 = Release|Any CPU
		{1B7ACD54-2802-4A2B-9C30-D0C164810FE5}.Debug|Any CPU.ActiveCfg = Debug|Any CPU
		{1B7ACD54-2802-4A2B-9C30-D0C164810FE5}.Debug|Any CPU.Build.0 = Debug|Any CPU
		{1B7ACD54-2802-4A2B-9C30-D0C164810FE5}.Release|Any CPU.ActiveCfg = Release|Any CPU
		{1B7ACD54-2802-4A2B-9C30-D0C164810FE5}.Release|Any CPU.Build.0 = Release|Any CPU
		{3E9B92F2-66D7-43E1-81ED-62F8D3B290BF}.Debug|Any CPU.ActiveCfg = Debug|Any CPU
		{3E9B92F2-66D7-43E1-81ED-62F8D3B290BF}.Debug|Any CPU.Build.0 = Debug|Any CPU
		{3E9B92F2-66D7-43E1-81ED-62F8D3B290BF}.Release|Any CPU.ActiveCfg = Release|Any CPU
		{3E9B92F2-66D7-43E1-81ED-62F8D3B290BF}.Release|Any CPU.Build.0 = Release|Any CPU
		{0CA306E7-1129-4AC1-BE50-59F2758DA3DB}.Debug|Any CPU.ActiveCfg = Debug|Any CPU
		{0CA306E7-1129-4AC1-BE50-59F2758DA3DB}.Debug|Any CPU.Build.0 = Debug|Any CPU
		{0CA306E7-1129-4AC1-BE50-59F2758DA3DB}.Release|Any CPU.ActiveCfg = Release|Any CPU
		{0CA306E7-1129-4AC1-BE50-59F2758DA3DB}.Release|Any CPU.Build.0 = Release|Any CPU
		{56913FD4-5EE9-48A3-87A1-86865CB4E718}.Debug|Any CPU.ActiveCfg = Debug|Any CPU
		{56913FD4-5EE9-48A3-87A1-86865CB4E718}.Debug|Any CPU.Build.0 = Debug|Any CPU
		{56913FD4-5EE9-48A3-87A1-86865CB4E718}.Release|Any CPU.ActiveCfg = Release|Any CPU
		{56913FD4-5EE9-48A3-87A1-86865CB4E718}.Release|Any CPU.Build.0 = Release|Any CPU
	EndGlobalSection
	GlobalSection(SolutionProperties) = preSolution
		HideSolutionNode = FALSE
	EndGlobalSection
	GlobalSection(NestedProjects) = preSolution
		{F6AA5C3A-2ADC-4E11-AC08-D3DC452308AB} = {6B7498C7-65F3-4457-8A8B-01C0C45D0D4B}
		{921EF396-4DA5-4B44-B189-721FCF4A498F} = {6B7498C7-65F3-4457-8A8B-01C0C45D0D4B}
		{6B49A399-90D7-4E3D-B51E-4574957AF20A} = {02EA681E-C7D8-13C7-8484-4AC65E1B71E8}
		{1B7ACD54-2802-4A2B-9C30-D0C164810FE5} = {02EA681E-C7D8-13C7-8484-4AC65E1B71E8}
		{3E9B92F2-66D7-43E1-81ED-62F8D3B290BF} = {6B7498C7-65F3-4457-8A8B-01C0C45D0D4B}
		{0CA306E7-1129-4AC1-BE50-59F2758DA3DB} = {FAC59983-4BE2-473F-A326-121DA3E7B5F1}
		{56913FD4-5EE9-48A3-87A1-86865CB4E718} = {FAC59983-4BE2-473F-A326-121DA3E7B5F1}
	EndGlobalSection
	GlobalSection(ExtensibilityGlobals) = postSolution
		SolutionGuid = {2B8BA1B9-1A0B-4B68-97F2-592755160D26}
	EndGlobalSection
EndGlobal
